
Microsoft Visual Studio Solution File, Format Version 12.00
# Visual Studio Version 17
VisualStudioVersion = 17.4.33205.214
MinimumVisualStudioVersion = 10.0.40219.1
Project("{888888A0-9F3D-457C-B088-3A5042F75D52}") = "Praktiline too Tsukkel", "Praktiline too Tsukkel\Praktiline too Tsukkel.pyproj", "{38CD4609-F43E-4C35-9739-20C486977B1A}"
EndProject
Global
	GlobalSection(SolutionConfigurationPlatforms) = preSolution
		Debug|Any CPU = Debug|Any CPU
		Release|Any CPU = Release|Any CPU
	EndGlobalSection
	GlobalSection(ProjectConfigurationPlatforms) = postSolution
		{38CD4609-F43E-4C35-9739-20C486977B1A}.Debug|Any CPU.ActiveCfg = Debug|Any CPU
		{38CD4609-F43E-4C35-9739-20C486977B1A}.Release|Any CPU.ActiveCfg = Release|Any CPU
	EndGlobalSection
	GlobalSection(SolutionProperties) = preSolution
		HideSolutionNode = FALSE
	EndGlobalSection
	GlobalSection(ExtensibilityGlobals) = postSolution
		SolutionGuid = {424F62D7-1855-4920-A8B8-555425F8752F}
	EndGlobalSection
EndGlobal
